
Microsoft Visual Studio Solution File, Format Version 12.00
# Visual Studio Version 17
VisualStudioVersion = 17.4.33213.308
MinimumVisualStudioVersion = 10.0.40219.1
Project("{FAE04EC0-301F-11D3-BF4B-00C04F79EFBC}") = "methods_deliverable", "methods_deliverable.csproj", "{03FAA35D-5EF8-48D1-94E8-203446F325C1}"
EndProject
Global
	GlobalSection(SolutionConfigurationPlatforms) = preSolution
		Debug|Any CPU = Debug|Any CPU
		Release|Any CPU = Release|Any CPU
	EndGlobalSection
	GlobalSection(ProjectConfigurationPlatforms) = postSolution
		{03FAA35D-5EF8-48D1-94E8-203446F325C1}.Debug|Any CPU.ActiveCfg = Debug|Any CPU
		{03FAA35D-5EF8-48D1-94E8-203446F325C1}.Debug|Any CPU.Build.0 = Debug|Any CPU
		{03FAA35D-5EF8-48D1-94E8-203446F325C1}.Release|Any CPU.ActiveCfg = Release|Any CPU
		{03FAA35D-5EF8-48D1-94E8-203446F325C1}.Release|Any CPU.Build.0 = Release|Any CPU
	EndGlobalSection
	GlobalSection(SolutionProperties) = preSolution
		HideSolutionNode = FALSE
	EndGlobalSection
	GlobalSection(ExtensibilityGlobals) = postSolution
		SolutionGuid = {DB6A0EDF-C8BA-4FC1-8181-5D11CC6B9581}
	EndGlobalSection
EndGlobal
